
Microsoft Visual Studio Solution File, Format Version 12.00
# Visual Studio 15
VisualStudioVersion = 15.0.27428.2002
MinimumVisualStudioVersion = 10.0.40219.1
Project("{8BC9CEB8-8B4A-11D0-8D11-00A0C91BC942}") = "90-b5", "90-b5\90-b5.vcxproj", "{BE52E14C-014E-4797-A641-10911668315F}"
EndProject
Project("{8BC9CEB8-8B4A-11D0-8D11-00A0C91BC942}") = "90-b1", "90-b1\90-b1.vcxproj", "{50431A77-CB0C-4166-98D8-D2FD40F34342}"
EndProject
Project("{8BC9CEB8-8B4A-11D0-8D11-00A0C91BC942}") = "90-b2", "90-b2\90-b2.vcxproj", "{8EC38FE7-420D-45B7-A15F-375473D552DF}"
EndProject
Project("{8BC9CEB8-8B4A-11D0-8D11-00A0C91BC942}") = "90-b3", "90-b3\90-b3.vcxproj", "{8D13181D-F8E2-466F-8996-4F99734A3661}"
EndProject
Project("{8BC9CEB8-8B4A-11D0-8D11-00A0C91BC942}") = "90-b4", "90-b4\90-b4.vcxproj", "{173D355C-854E-42C3-B742-3207B27D0A39}"
EndProject
Project("{8BC9CEB8-8B4A-11D0-8D11-00A0C91BC942}") = "common", "common\common.vcxproj", "{8468EA48-C9B0-4CDC-849A-74A813A24510}"
EndProject
Project("{8BC9CEB8-8B4A-11D0-8D11-00A0C91BC942}") = "90-b0", "90-b0\90-b0.vcxproj", "{61F7B3B8-A815-4DE1-ABAF-083D577054DE}"
EndProject
Project("{8BC9CEB8-8B4A-11D0-8D11-00A0C91BC942}") = "90-happy", "90-happy\90-happy.vcxproj", "{56CE7882-9E0C-4CBA-B85B-48ABDBB4BFD4}"
EndProject
Global
	GlobalSection(SolutionConfigurationPlatforms) = preSolution
		Debug|x64 = Debug|x64
		Debug|x86 = Debug|x86
		Release|x64 = Release|x64
		Release|x86 = Release|x86
	EndGlobalSection
	GlobalSection(ProjectConfigurationPlatforms) = postSolution
		{BE52E14C-014E-4797-A641-10911668315F}.Debug|x64.ActiveCfg = Debug|x64
		{BE52E14C-014E-4797-A641-10911668315F}.Debug|x64.Build.0 = Debug|x64
		{BE52E14C-014E-4797-A641-10911668315F}.Debug|x86.ActiveCfg = Debug|Win32
		{BE52E14C-014E-4797-A641-10911668315F}.Debug|x86.Build.0 = Debug|Win32
		{BE52E14C-014E-4797-A641-10911668315F}.Release|x64.ActiveCfg = Release|x64
		{BE52E14C-014E-4797-A641-10911668315F}.Release|x64.Build.0 = Release|x64
		{BE52E14C-014E-4797-A641-10911668315F}.Release|x86.ActiveCfg = Release|Win32
		{BE52E14C-014E-4797-A641-10911668315F}.Release|x86.Build.0 = Release|Win32
		{50431A77-CB0C-4166-98D8-D2FD40F34342}.Debug|x64.ActiveCfg = Debug|x64
		{50431A77-CB0C-4166-98D8-D2FD40F34342}.Debug|x64.Build.0 = Debug|x64
		{50431A77-CB0C-4166-98D8-D2FD40F34342}.Debug|x86.ActiveCfg = Debug|Win32
		{50431A77-CB0C-4166-98D8-D2FD40F34342}.Debug|x86.Build.0 = Debug|Win32
		{50431A77-CB0C-4166-98D8-D2FD40F34342}.Release|x64.ActiveCfg = Release|x64
		{50431A77-CB0C-4166-98D8-D2FD40F34342}.Release|x64.Build.0 = Release|x64
		{50431A77-CB0C-4166-98D8-D2FD40F34342}.Release|x86.ActiveCfg = Release|Win32
		{50431A77-CB0C-4166-98D8-D2FD40F34342}.Release|x86.Build.0 = Release|Win32
		{8EC38FE7-420D-45B7-A15F-375473D552DF}.Debug|x64.ActiveCfg = Debug|x64
		{8EC38FE7-420D-45B7-A15F-375473D552DF}.Debug|x64.Build.0 = Debug|x64
		{8EC38FE7-420D-45B7-A15F-375473D552DF}.Debug|x86.ActiveCfg = Debug|Win32
		{8EC38FE7-420D-45B7-A15F-375473D552DF}.Debug|x86.Build.0 = Debug|Win32
		{8EC38FE7-420D-45B7-A15F-375473D552DF}.Release|x64.ActiveCfg = Release|x64
		{8EC38FE7-420D-45B7-A15F-375473D552DF}.Release|x64.Build.0 = Release|x64
		{8EC38FE7-420D-45B7-A15F-375473D552DF}.Release|x86.ActiveCfg = Release|Win32
		{8EC38FE7-420D-45B7-A15F-375473D552DF}.Release|x86.Build.0 = Release|Win32
		{8D13181D-F8E2-466F-8996-4F99734A3661}.Debug|x64.ActiveCfg = Debug|x64
		{8D13181D-F8E2-466F-8996-4F99734A3661}.Debug|x64.Build.0 = Debug|x64
		{8D13181D-F8E2-466F-8996-4F99734A3661}.Debug|x86.ActiveCfg = Debug|Win32
		{8D13181D-F8E2-466F-8996-4F99734A3661}.Debug|x86.Build.0 = Debug|Win32
		{8D13181D-F8E2-466F-8996-4F99734A3661}.Release|x64.ActiveCfg = Release|x64
		{8D13181D-F8E2-466F-8996-4F99734A3661}.Release|x64.Build.0 = Release|x64
		{8D13181D-F8E2-466F-8996-4F99734A3661}.Release|x86.ActiveCfg = Release|Win32
		{8D13181D-F8E2-466F-8996-4F99734A3661}.Release|x86.Build.0 = Release|Win32
		{173D355C-854E-42C3-B742-3207B27D0A39}.Debug|x64.ActiveCfg = Debug|x64
		{173D355C-854E-42C3-B742-3207B27D0A39}.Debug|x64.Build.0 = Debug|x64
		{173D355C-854E-42C3-B742-3207B27D0A39}.Debug|x86.ActiveCfg = Debug|Win32
		{173D355C-854E-42C3-B742-3207B27D0A39}.Debug|x86.Build.0 = Debug|Win32
		{173D355C-854E-42C3-B742-3207B27D0A39}.Release|x64.ActiveCfg = Release|x64
		{173D355C-854E-42C3-B742-3207B27D0A39}.Release|x64.Build.0 = Release|x64
		{173D355C-854E-42C3-B742-3207B27D0A39}.Release|x86.ActiveCfg = Release|Win32
		{173D355C-854E-42C3-B742-3207B27D0A39}.Release|x86.Build.0 = Release|Win32
		{8468EA48-C9B0-4CDC-849A-74A813A24510}.Debug|x64.ActiveCfg = Debug|x64
		{8468EA48-C9B0-4CDC-849A-74A813A24510}.Debug|x64.Build.0 = Debug|x64
		{8468EA48-C9B0-4CDC-849A-74A813A24510}.Debug|x86.ActiveCfg = Debug|Win32
		{8468EA48-C9B0-4CDC-849A-74A813A24510}.Debug|x86.Build.0 = Debug|Win32
		{8468EA48-C9B0-4CDC-849A-74A813A24510}.Release|x64.ActiveCfg = Release|x64
		{8468EA48-C9B0-4CDC-849A-74A813A24510}.Release|x64.Build.0 = Release|x64
		{8468EA48-C9B0-4CDC-849A-74A813A24510}.Release|x86.ActiveCfg = Release|Win32
		{8468EA48-C9B0-4CDC-849A-74A813A24510}.Release|x86.Build.0 = Release|Win32
		{61F7B3B8-A815-4DE1-ABAF-083D577054DE}.Debug|x64.ActiveCfg = Debug|x64
		{61F7B3B8-A815-4DE1-ABAF-083D577054DE}.Debug|x64.Build.0 = Debug|x64
		{61F7B3B8-A815-4DE1-ABAF-083D577054DE}.Debug|x86.ActiveCfg = Debug|Win32
		{61F7B3B8-A815-4DE1-ABAF-083D577054DE}.Debug|x86.Build.0 = Debug|Win32
		{61F7B3B8-A815-4DE1-ABAF-083D577054DE}.Release|x64.ActiveCfg = Release|x64
		{61F7B3B8-A815-4DE1-ABAF-083D577054DE}.Release|x64.Build.0 = Release|x64
		{61F7B3B8-A815-4DE1-ABAF-083D577054DE}.Release|x86.ActiveCfg = Release|Win32
		{61F7B3B8-A815-4DE1-ABAF-083D577054DE}.Release|x86.Build.0 = Release|Win32
		{56CE7882-9E0C-4CBA-B85B-48ABDBB4BFD4}.Debug|x64.ActiveCfg = Debug|x64
		{56CE7882-9E0C-4CBA-B85B-48ABDBB4BFD4}.Debug|x64.Build.0 = Debug|x64
		{56CE7882-9E0C-4CBA-B85B-48ABDBB4BFD4}.Debug|x86.ActiveCfg = Debug|Win32
		{56CE7882-9E0C-4CBA-B85B-48ABDBB4BFD4}.Debug|x86.Build.0 = Debug|Win32
		{56CE7882-9E0C-4CBA-B85B-48ABDBB4BFD4}.Release|x64.ActiveCfg = Release|x64
		{56CE7882-9E0C-4CBA-B85B-48ABDBB4BFD4}.Release|x64.Build.0 = Release|x64
		{56CE7882-9E0C-4CBA-B85B-48ABDBB4BFD4}.Release|x86.ActiveCfg = Release|Win32
		{56CE7882-9E0C-4CBA-B85B-48ABDBB4BFD4}.Release|x86.Build.0 = Release|Win32
	EndGlobalSection
	GlobalSection(SolutionProperties) = preSolution
		HideSolutionNode = FALSE
	EndGlobalSection
	GlobalSection(ExtensibilityGlobals) = postSolution
		SolutionGuid = {D6A04FE9-4A87-45D1-BCEF-8184D3575874}
	EndGlobalSection
EndGlobal
